<?xml version="1.0" encoding="utf-8"?>
<Project ToolsVersion="4.0" xmlns="http://schemas.microsoft.com/developer/msbuild/2003">
  <ItemGroup>
    <ClCompile Include="AsyncDrawBuffer.cpp" />
    <ClCompile Include="BH.cpp" />
    <ClCompile Include="BitReader.cpp" />
    <ClCompile Include="Common.cpp" />
    <ClCompile Include="Config.cpp" />
    <ClCompile Include="D2Handlers.cpp" />
    <ClCompile Include="D2Helpers.cpp" />
    <ClCompile Include="D2Intercepts.cpp" />
    <ClCompile Include="D2Stubs.cpp" />
    <ClCompile Include="D2Version.cpp" />
    <ClCompile Include="DllMain.cpp" />
    <ClCompile Include="Drawing\Advanced\Checkhook\Checkhook.cpp" />
    <ClCompile Include="Drawing\Advanced\Colorhook\Colorhook.cpp" />
    <ClCompile Include="Drawing\Advanced\Combohook\Combohook.cpp" />
    <ClCompile Include="Drawing\Advanced\Inputhook\Inputhook.cpp" />
    <ClCompile Include="Drawing\Advanced\Keyhook\Keyhook.cpp" />
    <ClCompile Include="Drawing\Basic\Boxhook\Boxhook.cpp" />
    <ClCompile Include="Drawing\Basic\Crosshook\Crosshook.cpp" />
    <ClCompile Include="Drawing\Basic\Framehook\Framehook.cpp" />
    <ClCompile Include="Drawing\Basic\Linehook\Linehook.cpp" />
    <ClCompile Include="Drawing\Basic\Texthook\Texthook.cpp" />
    <ClCompile Include="Drawing\Hook.cpp" />
    <ClCompile Include="Drawing\Stats\StatsDisplay.cpp" />
    <ClCompile Include="Drawing\UI\UI.cpp" />
    <ClCompile Include="Drawing\UI\UITab.cpp" />
    <ClCompile Include="JSONObject.cpp" />
    <ClCompile Include="Modules\Bnet\Bnet.cpp" />
    <ClCompile Include="Modules\ChatColor\ChatColor.cpp" />
    <ClCompile Include="Modules\Gamefilter\Gamefilter.cpp" />
    <ClCompile Include="Modules\Item\Item.cpp" />
    <ClCompile Include="Modules\Item\ItemDisplay.cpp" />
    <ClCompile Include="Modules\ItemMover\ItemMover.cpp" />
    <ClCompile Include="Modules\Module.cpp" />
    <ClCompile Include="Modules\ModuleManager.cpp" />
    <ClCompile Include="Modules\Party\Party.cpp" />
    <ClCompile Include="Modules\ScreenInfo\ScreenInfo.cpp" />
    <ClCompile Include="MPQInit.cpp" />
    <ClCompile Include="MPQReader.cpp" />
    <ClCompile Include="Mustache.cpp" />
    <ClCompile Include="Patch.cpp" />
    <ClCompile Include="Modules\StashExport\StashExport.cpp" />
    <ClCompile Include="TableReader.cpp" />
    <ClCompile Include="Task.cpp" />
    <ClCompile Include="Modules\MapNotify\MapNotify.cpp" />
  </ItemGroup>
  <ItemGroup>
    <ClInclude Include="AsyncDrawBuffer.h" />
    <ClInclude Include="BH.h" />
    <ClInclude Include="BitReader.h" />
    <ClInclude Include="Common.h" />
    <ClInclude Include="CommonStructs.h" />
    <ClInclude Include="Config.h" />
    <ClInclude Include="Constants.h" />
    <ClInclude Include="D2DataTables.h" />
    <ClInclude Include="D2Handlers.h" />
    <ClInclude Include="D2Helpers.h" />
    <ClInclude Include="D2Intercepts.h" />
    <ClInclude Include="D2Ptrs.h" />
    <ClInclude Include="D2Strings.h" />
    <ClInclude Include="D2Structs.h" />
    <ClInclude Include="D2Stubs.h" />
    <ClInclude Include="D2Version.h" />
    <ClInclude Include="Drawing.h" />
    <ClInclude Include="Drawing\Advanced\Checkhook\Checkhook.h" />
    <ClInclude Include="Drawing\Advanced\Colorhook\Colorhook.h" />
    <ClInclude Include="Drawing\Advanced\Combohook\Combohook.h" />
    <ClInclude Include="Drawing\Advanced\Inputhook\Inputhook.h" />
    <ClInclude Include="Drawing\Advanced\Keyhook\Keyhook.h" />
    <ClInclude Include="Drawing\Basic\Boxhook\Boxhook.h" />
    <ClInclude Include="Drawing\Basic\Crosshook\Crosshook.h" />
    <ClInclude Include="Drawing\Basic\Framehook\Framehook.h" />
    <ClInclude Include="Drawing\Basic\Linehook\Linehook.h" />
    <ClInclude Include="Drawing\Basic\Texthook\Texthook.h" />
    <ClInclude Include="Drawing\Hook.h" />
    <ClInclude Include="Drawing\Stats\StatsDisplay.h" />
    <ClInclude Include="Drawing\UI\UI.h" />
    <ClInclude Include="Drawing\UI\UITab.h" />
    <ClInclude Include="JSONObject.h" />
    <ClInclude Include="Modules.h" />
    <ClInclude Include="Modules\Bnet\Bnet.h" />
    <ClInclude Include="Modules\ChatColor\ChatColor.h" />
    <ClInclude Include="Modules\Gamefilter\Gamefilter.h" />
    <ClInclude Include="Modules\Item\Item.h" />
    <ClInclude Include="Modules\Item\ItemDisplay.h" />
    <ClInclude Include="Modules\ItemMover\ItemMover.h" />
    <ClInclude Include="Modules\Module.h" />
    <ClInclude Include="Modules\ModuleManager.h" />
    <ClInclude Include="Modules\Party\Party.h" />
    <ClInclude Include="Modules\ScreenInfo\ScreenInfo.h" />
    <ClInclude Include="MPQInit.h" />
    <ClInclude Include="MPQReader.h" />
    <ClInclude Include="Mustache.h" />
    <ClInclude Include="Patch.h" />
    <ClInclude Include="Modules\StashExport\StashExport.h" />
    <ClInclude Include="TableReader.h" />
    <ClInclude Include="Task.h" />
    <ClInclude Include="lrucache.hpp" />
    <ClInclude Include="Modules\MapNotify\MapNotify.h" />
  </ItemGroup>
</Project>